<?xml version="1.0" encoding="utf-8"?>
<Project ToolsVersion="4.0" xmlns="http://schemas.microsoft.com/developer/msbuild/2003">
  <ItemGroup>
    <Filter Include="Krystal">
      <UniqueIdentifier>{8F20CAA3-FBFF-483F-0418-D4157076AFA0}</UniqueIdentifier>
    </Filter>
    <Filter Include="Krystal\Events">
      <UniqueIdentifier>{93B5613B-7F83-5541-6817-C667548431A6}</UniqueIdentifier>
    </Filter>
    <Filter Include="Krystal\ImGui">
      <UniqueIdentifier>{F984B28D-6545-2EC4-2E80-77419AFF72A0}</UniqueIdentifier>
    </Filter>
    <Filter Include="Platform">
      <UniqueIdentifier>{2AC788B4-1694-E3BF-3FAD-D1672BD9184E}</UniqueIdentifier>
    </Filter>
    <Filter Include="Platform\Windows">
      <UniqueIdentifier>{64FBD71A-50F4-F66C-7926-DCF1657ED678}</UniqueIdentifier>
    </Filter>
  </ItemGroup>
  <ItemGroup>
    <ClInclude Include="src\Krystal.h" />
    <ClInclude Include="src\Krystal\Application.h">
      <Filter>Krystal</Filter>
    </ClInclude>
    <ClInclude Include="src\Krystal\Core.h">
      <Filter>Krystal</Filter>
    </ClInclude>
    <ClInclude Include="src\Krystal\EntryPoint.h">
      <Filter>Krystal</Filter>
    </ClInclude>
    <ClInclude Include="src\Krystal\Events\ApplicationEvent.h">
      <Filter>Krystal\Events</Filter>
    </ClInclude>
    <ClInclude Include="src\Krystal\Events\Event.h">
      <Filter>Krystal\Events</Filter>
    </ClInclude>
    <ClInclude Include="src\Krystal\Events\KeyEvent.h">
      <Filter>Krystal\Events</Filter>
    </ClInclude>
    <ClInclude Include="src\Krystal\Events\MouseEvent.h">
      <Filter>Krystal\Events</Filter>
    </ClInclude>
    <ClInclude Include="src\Krystal\ImGui\ImGuiLayer.h">
      <Filter>Krystal\ImGui</Filter>
    </ClInclude>
    <ClInclude Include="src\Krystal\Input.h">
      <Filter>Krystal</Filter>
    </ClInclude>
    <ClInclude Include="src\Krystal\KeyCodes.h">
      <Filter>Krystal</Filter>
    </ClInclude>
    <ClInclude Include="src\Krystal\Layer.h">
      <Filter>Krystal</Filter>
    </ClInclude>
    <ClInclude Include="src\Krystal\LayerStack.h">
      <Filter>Krystal</Filter>
    </ClInclude>
    <ClInclude Include="src\Krystal\Log.h">
      <Filter>Krystal</Filter>
    </ClInclude>
    <ClInclude Include="src\Krystal\MouseButtonCodes.h">
      <Filter>Krystal</Filter>
    </ClInclude>
    <ClInclude Include="src\Krystal\Window.h">
      <Filter>Krystal</Filter>
    </ClInclude>
    <ClInclude Include="src\Platform\Windows\WindowsInput.h">
      <Filter>Platform\Windows</Filter>
    </ClInclude>
    <ClInclude Include="src\Platform\Windows\WindowsWindow.h">
      <Filter>Platform\Windows</Filter>
    </ClInclude>
    <ClInclude Include="src\krys-pch.h" />
    <ClInclude Include="src\Krystal\Renderer\GraphicsContext.h" />
    <ClInclude Include="src\Platform\OpenGL\OpenGLContext.h" />
    <ClInclude Include="src\Krystal\Renderer\Shader.h" />
  </ItemGroup>
  <ItemGroup>
    <ClCompile Include="src\Krystal\Application.cpp">
      <Filter>Krystal</Filter>
    </ClCompile>
    <ClCompile Include="src\Krystal\ImGui\ImGuiBuild.cpp">
      <Filter>Krystal\ImGui</Filter>
    </ClCompile>
    <ClCompile Include="src\Krystal\ImGui\ImGuiLayer.cpp">
      <Filter>Krystal\ImGui</Filter>
    </ClCompile>
    <ClCompile Include="src\Krystal\Layer.cpp">
      <Filter>Krystal</Filter>
    </ClCompile>
    <ClCompile Include="src\Krystal\LayerStack.cpp">
      <Filter>Krystal</Filter>
    </ClCompile>
    <ClCompile Include="src\Krystal\Log.cpp">
      <Filter>Krystal</Filter>
    </ClCompile>
    <ClCompile Include="src\Platform\Windows\WindowsInput.cpp">
      <Filter>Platform\Windows</Filter>
    </ClCompile>
    <ClCompile Include="src\Platform\Windows\WindowsWindow.cpp">
      <Filter>Platform\Windows</Filter>
    </ClCompile>
    <ClCompile Include="src\krys-pch.cpp" />
    <ClCompile Include="src\Platform\OpenGL\OpenGLContext.cpp" />
    <ClCompile Include="src\Krystal\Renderer\Shader.cpp" />
  </ItemGroup>
</Project>